PODS:
  - TFDropDownMenu (1.0.1):
    - TFDropDownMenu/Custom (= 1.0.1)
  - TFDropDownMenu/Custom (1.0.1)

DEPENDENCIES:
  - TFDropDownMenu

SPEC REPOS:
  https://github.com/CocoaPods/Specs.git:
    - TFDropDownMenu

SPEC CHECKSUMS:
  TFDropDownMenu: a7ce29c7392a201379ce1170e04d49679d27dd5a

PODFILE CHECKSUM: de21447cbd4a652df035da4c7f927418e7c5e74c

COCOAPODS: 1.5.0
