PODS:
  - Masonry (1.1.0)
  - TFDropDownMenu (1.0.2):
    - Masonry
    - TFDropDownMenu/Custom (= 1.0.2)
  - TFDropDownMenu/Custom (1.0.2):
    - Masonry

DEPENDENCIES:
  - Masonry
  - TFDropDownMenu

SPEC REPOS:
  https://github.com/CocoaPods/Specs.git:
    - Masonry
    - TFDropDownMenu

SPEC CHECKSUMS:
  Masonry: 678fab65091a9290e40e2832a55e7ab731aad201
  TFDropDownMenu: 34ec83647ed8dfaf6acff317fd413e80708b5402

PODFILE CHECKSUM: 299da56365dc250bf32a1eba94db1ea1dd94aea6

COCOAPODS: 1.5.0
